// !$*UTF8*$!
{
	archiveVersion = 1;
	classes = {
	};
	objectVersion = 50;
	objects = {

/* Begin PBXBuildFile section */
		E81B355C26EEC2CA00534247 /* AppDelegate.swift in Sources */ = {isa = PBXBuildFile; fileRef = E81B355B26EEC2CA00534247 /* AppDelegate.swift */; };
		E81B355E26EEC2CA00534247 /* SceneDelegate.swift in Sources */ = {isa = PBXBuildFile; fileRef = E81B355D26EEC2CA00534247 /* SceneDelegate.swift */; };
		E81B356026EEC2CA00534247 /* ViewController.swift in Sources */ = {isa = PBXBuildFile; fileRef = E81B355F26EEC2CA00534247 /* ViewController.swift */; };
		E81B356326EEC2CA00534247 /* Main.storyboard in Resources */ = {isa = PBXBuildFile; fileRef = E81B356126EEC2CA00534247 /* Main.storyboard */; };
		E81B356526EEC2CC00534247 /* Assets.xcassets in Resources */ = {isa = PBXBuildFile; fileRef = E81B356426EEC2CC00534247 /* Assets.xcassets */; };
		E81B356826EEC2CC00534247 /* LaunchScreen.storyboard in Resources */ = {isa = PBXBuildFile; fileRef = E81B356626EEC2CC00534247 /* LaunchScreen.storyboard */; };
		E81B357326EEC2CC00534247 /* SwiftScrollViewDemoTests.swift in Sources */ = {isa = PBXBuildFile; fileRef = E81B357226EEC2CC00534247 /* SwiftScrollViewDemoTests.swift */; };
		E81B357E26EEC2CC00534247 /* SwiftScrollViewDemoUITests.swift in Sources */ = {isa = PBXBuildFile; fileRef = E81B357D26EEC2CC00534247 /* SwiftScrollViewDemoUITests.swift */; };
		E81B358C26EEC77000534247 /* ViewController1.swift in Sources */ = {isa = PBXBuildFile; fileRef = E81B358B26EEC77000534247 /* ViewController1.swift */; };
/* End PBXBuildFile section */

/* Begin PBXContainerItemProxy section */
		E81B356F26EEC2CC00534247 /* PBXContainerItemProxy */ = {
			isa = PBXContainerItemProxy;
			containerPortal = E81B355026EEC2CA00534247 /* Project object */;
			proxyType = 1;
			remoteGlobalIDString = E81B355726EEC2CA00534247;
			remoteInfo = SwiftScrollViewDemo;
		};
		E81B357A26EEC2CC00534247 /* PBXContainerItemProxy */ = {
			isa = PBXContainerItemProxy;
			containerPortal = E81B355026EEC2CA00534247 /* Project object */;
			proxyType = 1;
			remoteGlobalIDString = E81B355726EEC2CA00534247;
			remoteInfo = SwiftScrollViewDemo;
		};
/* End PBXContainerItemProxy section */

/* Begin PBXFileReference section */
		E81B355826EEC2CA00534247 /* SwiftScrollViewDemo.app */ = {isa = PBXFileReference; explicitFileType = wrapper.application; includeInIndex = 0; path = SwiftScrollViewDemo.app; sourceTree = BUILT_PRODUCTS_DIR; };
		E81B355B26EEC2CA00534247 /* AppDelegate.swift */ = {isa = PBXFileReference; lastKnownFileType = sourcecode.swift; path = AppDelegate.swift; sourceTree = "<group>"; };
		E81B355D26EEC2CA00534247 /* SceneDelegate.swift */ = {isa = PBXFileReference; lastKnownFileType = sourcecode.swift; path = SceneDelegate.swift; sourceTree = "<group>"; };
		E81B355F26EEC2CA00534247 /* ViewController.swift */ = {isa = PBXFileReference; lastKnownFileType = sourcecode.swift; path = ViewController.swift; sourceTree = "<group>"; };
		E81B356226EEC2CA00534247 /* Base */ = {isa = PBXFileReference; lastKnownFileType = file.storyboard; name = Base; path = Base.lproj/Main.storyboard; sourceTree = "<group>"; };
		E81B356426EEC2CC00534247 /* Assets.xcassets */ = {isa = PBXFileReference; lastKnownFileType = folder.assetcatalog; path = Assets.xcassets; sourceTree = "<group>"; };
		E81B356726EEC2CC00534247 /* Base */ = {isa = PBXFileReference; lastKnownFileType = file.storyboard; name = Base; path = Base.lproj/LaunchScreen.storyboard; sourceTree = "<group>"; };
		E81B356926EEC2CC00534247 /* Info.plist */ = {isa = PBXFileReference; lastKnownFileType = text.plist.xml; path = Info.plist; sourceTree = "<group>"; };
		E81B356E26EEC2CC00534247 /* SwiftScrollViewDemoTests.xctest */ = {isa = PBXFileReference; explicitFileType = wrapper.cfbundle; includeInIndex = 0; path = SwiftScrollViewDemoTests.xctest; sourceTree = BUILT_PRODUCTS_DIR; };
		E81B357226EEC2CC00534247 /* SwiftScrollViewDemoTests.swift */ = {isa = PBXFileReference; lastKnownFileType = sourcecode.swift; path = SwiftScrollViewDemoTests.swift; sourceTree = "<group>"; };
		E81B357426EEC2CC00534247 /* Info.plist */ = {isa = PBXFileReference; lastKnownFileType = text.plist.xml; path = Info.plist; sourceTree = "<group>"; };
		E81B357926EEC2CC00534247 /* SwiftScrollViewDemoUITests.xctest */ = {isa = PBXFileReference; explicitFileType = wrapper.cfbundle; includeInIndex = 0; path = SwiftScrollViewDemoUITests.xctest; sourceTree = BUILT_PRODUCTS_DIR; };
		E81B357D26EEC2CC00534247 /* SwiftScrollViewDemoUITests.swift */ = {isa = PBXFileReference; lastKnownFileType = sourcecode.swift; path = SwiftScrollViewDemoUITests.swift; sourceTree = "<group>"; };
		E81B357F26EEC2CC00534247 /* Info.plist */ = {isa = PBXFileReference; lastKnownFileType = text.plist.xml; path = Info.plist; sourceTree = "<group>"; };
		E81B358B26EEC77000534247 /* ViewController1.swift */ = {isa = PBXFileReference; lastKnownFileType = sourcecode.swift; path = ViewController1.swift; sourceTree = "<group>"; };
/* End PBXFileReference section */

/* Begin PBXFrameworksBuildPhase section */
		E81B355526EEC2CA00534247 /* Frameworks */ = {
			isa = PBXFrameworksBuildPhase;
			buildActionMask = 2147483647;
			files = (
			);
			runOnlyForDeploymentPostprocessing = 0;
		};
		E81B356B26EEC2CC00534247 /* Frameworks */ = {
			isa = PBXFrameworksBuildPhase;
			buildActionMask = 2147483647;
			files = (
			);
			runOnlyForDeploymentPostprocessing = 0;
		};
		E81B357626EEC2CC00534247 /* Frameworks */ = {
			isa = PBXFrameworksBuildPhase;
			buildActionMask = 2147483647;
			files = (
			);
			runOnlyForDeploymentPostprocessing = 0;
		};
/* End PBXFrameworksBuildPhase section */

/* Begin PBXGroup section */
		E81B354F26EEC2CA00534247 = {
			isa = PBXGroup;
			children = (
				E81B355A26EEC2CA00534247 /* SwiftScrollViewDemo */,
				E81B357126EEC2CC00534247 /* SwiftScrollViewDemoTests */,
				E81B357C26EEC2CC00534247 /* SwiftScrollViewDemoUITests */,
				E81B355926EEC2CA00534247 /* Products */,
			);
			sourceTree = "<group>";
		};
		E81B355926EEC2CA00534247 /* Products */ = {
			isa = PBXGroup;
			children = (
				E81B355826EEC2CA00534247 /* SwiftScrollViewDemo.app */,
				E81B356E26EEC2CC00534247 /* SwiftScrollViewDemoTests.xctest */,
				E81B357926EEC2CC00534247 /* SwiftScrollViewDemoUITests.xctest */,
			);
			name = Products;
			sourceTree = "<group>";
		};
		E81B355A26EEC2CA00534247 /* SwiftScrollViewDemo */ = {
			isa = PBXGroup;
			children = (
				E81B355B26EEC2CA00534247 /* AppDelegate.swift */,
				E81B355D26EEC2CA00534247 /* SceneDelegate.swift */,
				E81B355F26EEC2CA00534247 /* ViewController.swift */,
				E81B358B26EEC77000534247 /* ViewController1.swift */,
				E81B356126EEC2CA00534247 /* Main.storyboard */,
				E81B356426EEC2CC00534247 /* Assets.xcassets */,
				E81B356626EEC2CC00534247 /* LaunchScreen.storyboard */,
				E81B356926EEC2CC00534247 /* Info.plist */,
			);
			path = SwiftScrollViewDemo;
			sourceTree = "<group>";
		};
		E81B357126EEC2CC00534247 /* SwiftScrollViewDemoTests */ = {
			isa = PBXGroup;
			children = (
				E81B357226EEC2CC00534247 /* SwiftScrollViewDemoTests.swift */,
				E81B357426EEC2CC00534247 /* Info.plist */,
			);
			path = SwiftScrollViewDemoTests;
			sourceTree = "<group>";
		};
		E81B357C26EEC2CC00534247 /* SwiftScrollViewDemoUITests */ = {
			isa = PBXGroup;
			children = (
				E81B357D26EEC2CC00534247 /* SwiftScrollViewDemoUITests.swift */,
				E81B357F26EEC2CC00534247 /* Info.plist */,
			);
			path = SwiftScrollViewDemoUITests;
			sourceTree = "<group>";
		};
/* End PBXGroup section */

/* Begin PBXNativeTarget section */
		E81B355726EEC2CA00534247 /* SwiftScrollViewDemo */ = {
			isa = PBXNativeTarget;
			buildConfigurationList = E81B358226EEC2CC00534247 /* Build configuration list for PBXNativeTarget "SwiftScrollViewDemo" */;
			buildPhases = (
				E81B355426EEC2CA00534247 /* Sources */,
				E81B355526EEC2CA00534247 /* Frameworks */,
				E81B355626EEC2CA00534247 /* Resources */,
			);
			buildRules = (
			);
			dependencies = (
			);
			name = SwiftScrollViewDemo;
			productName = SwiftScrollViewDemo;
			productReference = E81B355826EEC2CA00534247 /* SwiftScrollViewDemo.app */;
			productType = "com.apple.product-type.application";
		};
		E81B356D26EEC2CC00534247 /* SwiftScrollViewDemoTests */ = {
			isa = PBXNativeTarget;
			buildConfigurationList = E81B358526EEC2CC00534247 /* Build configuration list for PBXNativeTarget "SwiftScrollViewDemoTests" */;
			buildPhases = (
				E81B356A26EEC2CC00534247 /* Sources */,
				E81B356B26EEC2CC00534247 /* Frameworks */,
				E81B356C26EEC2CC00534247 /* Resources */,
			);
			buildRules = (
			);
			dependencies = (
				E81B357026EEC2CC00534247 /* PBXTargetDependency */,
			);
			name = SwiftScrollViewDemoTests;
			productName = SwiftScrollViewDemoTests;
			productReference = E81B356E26EEC2CC00534247 /* SwiftScrollViewDemoTests.xctest */;
			productType = "com.apple.product-type.bundle.unit-test";
		};
		E81B357826EEC2CC00534247 /* SwiftScrollViewDemoUITests */ = {
			isa = PBXNativeTarget;
			buildConfigurationList = E81B358826EEC2CC00534247 /* Build configuration list for PBXNativeTarget "SwiftScrollViewDemoUITests" */;
			buildPhases = (
				E81B357526EEC2CC00534247 /* Sources */,
				E81B357626EEC2CC00534247 /* Frameworks */,
				E81B357726EEC2CC00534247 /* Resources */,
			);
			buildRules = (
			);
			dependencies = (
				E81B357B26EEC2CC00534247 /* PBXTargetDependency */,
			);
			name = SwiftScrollViewDemoUITests;
			productName = SwiftScrollViewDemoUITests;
			productReference = E81B357926EEC2CC00534247 /* SwiftScrollViewDemoUITests.xctest */;
			productType = "com.apple.product-type.bundle.ui-testing";
		};
/* End PBXNativeTarget section */

/* Begin PBXProject section */
		E81B355026EEC2CA00534247 /* Project object */ = {
			isa = PBXProject;
			attributes = {
				LastSwiftUpdateCheck = 1250;
				LastUpgradeCheck = 1250;
				TargetAttributes = {
					E81B355726EEC2CA00534247 = {
						CreatedOnToolsVersion = 12.5;
					};
					E81B356D26EEC2CC00534247 = {
						CreatedOnToolsVersion = 12.5;
						TestTargetID = E81B355726EEC2CA00534247;
					};
					E81B357826EEC2CC00534247 = {
						CreatedOnToolsVersion = 12.5;
						TestTargetID = E81B355726EEC2CA00534247;
					};
				};
			};
			buildConfigurationList = E81B355326EEC2CA00534247 /* Build configuration list for PBXProject "SwiftScrollViewDemo" */;
			compatibilityVersion = "Xcode 9.3";
			developmentRegion = en;
			hasScannedForEncodings = 0;
			knownRegions = (
				en,
				Base,
			);
			mainGroup = E81B354F26EEC2CA00534247;
			productRefGroup = E81B355926EEC2CA00534247 /* Products */;
			projectDirPath = "";
			projectRoot = "";
			targets = (
				E81B355726EEC2CA00534247 /* SwiftScrollViewDemo */,
				E81B356D26EEC2CC00534247 /* SwiftScrollViewDemoTests */,
				E81B357826EEC2CC00534247 /* SwiftScrollViewDemoUITests */,
			);
		};
/* End PBXProject section */

/* Begin PBXResourcesBuildPhase section */
		E81B355626EEC2CA00534247 /* Resources */ = {
			isa = PBXResourcesBuildPhase;
			buildActionMask = 2147483647;
			files = (
				E81B356826EEC2CC00534247 /* LaunchScreen.storyboard in Resources */,
				E81B356526EEC2CC00534247 /* Assets.xcassets in Resources */,
				E81B356326EEC2CA00534247 /* Main.storyboard in Resources */,
			);
			runOnlyForDeploymentPostprocessing = 0;
		};
		E81B356C26EEC2CC00534247 /* Resources */ = {
			isa = PBXResourcesBuildPhase;
			buildActionMask = 2147483647;
			files = (
			);
			runOnlyForDeploymentPostprocessing = 0;
		};
		E81B357726EEC2CC00534247 /* Resources */ = {
			isa = PBXResourcesBuildPhase;
			buildActionMask = 2147483647;
			files = (
			);
			runOnlyForDeploymentPostprocessing = 0;
		};
/* End PBXResourcesBuildPhase section */

/* Begin PBXSourcesBuildPhase section */
		E81B355426EEC2CA00534247 /* Sources */ = {
			isa = PBXSourcesBuildPhase;
			buildActionMask = 2147483647;
			files = (
				E81B358C26EEC77000534247 /* ViewController1.swift in Sources */,
				E81B356026EEC2CA00534247 /* ViewController.swift in Sources */,
				E81B355C26EEC2CA00534247 /* AppDelegate.swift in Sources */,
				E81B355E26EEC2CA00534247 /* SceneDelegate.swift in Sources */,
			);
			runOnlyForDeploymentPostprocessing = 0;
		};
		E81B356A26EEC2CC00534247 /* Sources */ = {
			isa = PBXSourcesBuildPhase;
			buildActionMask = 2147483647;
			files = (
				E81B357326EEC2CC00534247 /* SwiftScrollViewDemoTests.swift in Sources */,
			);
			runOnlyForDeploymentPostprocessing = 0;
		};
		E81B357526EEC2CC00534247 /* Sources */ = {
			isa = PBXSourcesBuildPhase;
			buildActionMask = 2147483647;
			files = (
				E81B357E26EEC2CC00534247 /* SwiftScrollViewDemoUITests.swift in Sources */,
			);
			runOnlyForDeploymentPostprocessing = 0;
		};
/* End PBXSourcesBuildPhase section */

/* Begin PBXTargetDependency section */
		E81B357026EEC2CC00534247 /* PBXTargetDependency */ = {
			isa = PBXTargetDependency;
			target = E81B355726EEC2CA00534247 /* SwiftScrollViewDemo */;
			targetProxy = E81B356F26EEC2CC00534247 /* PBXContainerItemProxy */;
		};
		E81B357B26EEC2CC00534247 /* PBXTargetDependency */ = {
			isa = PBXTargetDependency;
			target = E81B355726EEC2CA00534247 /* SwiftScrollViewDemo */;
			targetProxy = E81B357A26EEC2CC00534247 /* PBXContainerItemProxy */;
		};
/* End PBXTargetDependency section */

/* Begin PBXVariantGroup section */
		E81B356126EEC2CA00534247 /* Main.storyboard */ = {
			isa = PBXVariantGroup;
			children = (
				E81B356226EEC2CA00534247 /* Base */,
			);
			name = Main.storyboard;
			sourceTree = "<group>";
		};
		E81B356626EEC2CC00534247 /* LaunchScreen.storyboard */ = {
			isa = PBXVariantGroup;
			children = (
				E81B356726EEC2CC00534247 /* Base */,
			);
			name = LaunchScreen.storyboard;
			sourceTree = "<group>";
		};
/* End PBXVariantGroup section */

/* Begin XCBuildConfiguration section */
		E81B358026EEC2CC00534247 /* Debug */ = {
			isa = XCBuildConfiguration;
			buildSettings = {
				ALWAYS_SEARCH_USER_PATHS = NO;
				CLANG_ANALYZER_NONNULL = YES;
				CLANG_ANALYZER_NUMBER_OBJECT_CONVERSION = YES_AGGRESSIVE;
				CLANG_CXX_LANGUAGE_STANDARD = "gnu++14";
				CLANG_CXX_LIBRARY = "libc++";
				CLANG_ENABLE_MODULES = YES;
				CLANG_ENABLE_OBJC_ARC = YES;
				CLANG_ENABLE_OBJC_WEAK = YES;
				CLANG_WARN_BLOCK_CAPTURE_AUTORELEASING = YES;
				CLANG_WARN_BOOL_CONVERSION = YES;
				CLANG_WARN_COMMA = YES;
				CLANG_WARN_CONSTANT_CONVERSION = YES;
				CLANG_WARN_DEPRECATED_OBJC_IMPLEMENTATIONS = YES;
				CLANG_WARN_DIRECT_OBJC_ISA_USAGE = YES_ERROR;
				CLANG_WARN_DOCUMENTATION_COMMENTS = YES;
				CLANG_WARN_EMPTY_BODY = YES;
				CLANG_WARN_ENUM_CONVERSION = YES;
				CLANG_WARN_INFINITE_RECURSION = YES;
				CLANG_WARN_INT_CONVERSION = YES;
				CLANG_WARN_NON_LITERAL_NULL_CONVERSION = YES;
				CLANG_WARN_OBJC_IMPLICIT_RETAIN_SELF = YES;
				CLANG_WARN_OBJC_LITERAL_CONVERSION = YES;
				CLANG_WARN_OBJC_ROOT_CLASS = YES_ERROR;
				CLANG_WARN_QUOTED_INCLUDE_IN_FRAMEWORK_HEADER = YES;
				CLANG_WARN_RANGE_LOOP_ANALYSIS = YES;
				CLANG_WARN_STRICT_PROTOTYPES = YES;
				CLANG_WARN_SUSPICIOUS_MOVE = YES;
				CLANG_WARN_UNGUARDED_AVAILABILITY = YES_AGGRESSIVE;
				CLANG_WARN_UNREACHABLE_CODE = YES;
				CLANG_WARN__DUPLICATE_METHOD_MATCH = YES;
				COPY_PHASE_STRIP = NO;
				DEBUG_INFORMATION_FORMAT = dwarf;
				ENABLE_STRICT_OBJC_MSGSEND = YES;
				ENABLE_TESTABILITY = YES;
				GCC_C_LANGUAGE_STANDARD = gnu11;
				GCC_DYNAMIC_NO_PIC = NO;
				GCC_NO_COMMON_BLOCKS = YES;
				GCC_OPTIMIZATION_LEVEL = 0;
				GCC_PREPROCESSOR_DEFINITIONS = (
					"DEBUG=1",
					"$(inherited)",
				);
				GCC_WARN_64_TO_32_BIT_CONVERSION = YES;
				GCC_WARN_ABOUT_RETURN_TYPE = YES_ERROR;
				GCC_WARN_UNDECLARED_SELECTOR = YES;
				GCC_WARN_UNINITIALIZED_AUTOS = YES_AGGRESSIVE;
				GCC_WARN_UNUSED_FUNCTION = YES;
				GCC_WARN_UNUSED_VARIABLE = YES;
				IPHONEOS_DEPLOYMENT_TARGET = 14.5;
				MTL_ENABLE_DEBUG_INFO = INCLUDE_SOURCE;
				MTL_FAST_MATH = YES;
				ONLY_ACTIVE_ARCH = YES;
				SDKROOT = iphoneos;
				SWIFT_ACTIVE_COMPILATION_CONDITIONS = DEBUG;
				SWIFT_OPTIMIZATION_LEVEL = "-Onone";
			};
			name = Debug;
		};
		E81B358126EEC2CC00534247 /* Release */ = {
			isa = XCBuildConfiguration;
			buildSettings = {
				ALWAYS_SEARCH_USER_PATHS = NO;
				CLANG_ANALYZER_NONNULL = YES;
				CLANG_ANALYZER_NUMBER_OBJECT_CONVERSION = YES_AGGRESSIVE;
				CLANG_CXX_LANGUAGE_STANDARD = "gnu++14";
				CLANG_CXX_LIBRARY = "libc++";
				CLANG_ENABLE_MODULES = YES;
				CLANG_ENABLE_OBJC_ARC = YES;
				CLANG_ENABLE_OBJC_WEAK = YES;
				CLANG_WARN_BLOCK_CAPTURE_AUTORELEASING = YES;
				CLANG_WARN_BOOL_CONVERSION = YES;
				CLANG_WARN_COMMA = YES;
				CLANG_WARN_CONSTANT_CONVERSION = YES;
				CLANG_WARN_DEPRECATED_OBJC_IMPLEMENTATIONS = YES;
				CLANG_WARN_DIRECT_OBJC_ISA_USAGE = YES_ERROR;
				CLANG_WARN_DOCUMENTATION_COMMENTS = YES;
				CLANG_WARN_EMPTY_BODY = YES;
				CLANG_WARN_ENUM_CONVERSION = YES;
				CLANG_WARN_INFINITE_RECURSION = YES;
				CLANG_WARN_INT_CONVERSION = YES;
				CLANG_WARN_NON_LITERAL_NULL_CONVERSION = YES;
				CLANG_WARN_OBJC_IMPLICIT_RETAIN_SELF = YES;
				CLANG_WARN_OBJC_LITERAL_CONVERSION = YES;
				CLANG_WARN_OBJC_ROOT_CLASS = YES_ERROR;
				CLANG_WARN_QUOTED_INCLUDE_IN_FRAMEWORK_HEADER = YES;
				CLANG_WARN_RANGE_LOOP_ANALYSIS = YES;
				CLANG_WARN_STRICT_PROTOTYPES = YES;
				CLANG_WARN_SUSPICIOUS_MOVE = YES;
				CLANG_WARN_UNGUARDED_AVAILABILITY = YES_AGGRESSIVE;
				CLANG_WARN_UNREACHABLE_CODE = YES;
				CLANG_WARN__DUPLICATE_METHOD_MATCH = YES;
				COPY_PHASE_STRIP = NO;
				DEBUG_INFORMATION_FORMAT = "dwarf-with-dsym";
				ENABLE_NS_ASSERTIONS = NO;
				ENABLE_STRICT_OBJC_MSGSEND = YES;
				GCC_C_LANGUAGE_STANDARD = gnu11;
				GCC_NO_COMMON_BLOCKS = YES;
				GCC_WARN_64_TO_32_BIT_CONVERSION = YES;
				GCC_WARN_ABOUT_RETURN_TYPE = YES_ERROR;
				GCC_WARN_UNDECLARED_SELECTOR = YES;
				GCC_WARN_UNINITIALIZED_AUTOS = YES_AGGRESSIVE;
				GCC_WARN_UNUSED_FUNCTION = YES;
				GCC_WARN_UNUSED_VARIABLE = YES;
				IPHONEOS_DEPLOYMENT_TARGET = 14.5;
				MTL_ENABLE_DEBUG_INFO = NO;
				MTL_FAST_MATH = YES;
				SDKROOT = iphoneos;
				SWIFT_COMPILATION_MODE = wholemodule;
				SWIFT_OPTIMIZATION_LEVEL = "-O";
				VALIDATE_PRODUCT = YES;
			};
			name = Release;
		};
		E81B358326EEC2CC00534247 /* Debug */ = {
			isa = XCBuildConfiguration;
			buildSettings = {
				ASSETCATALOG_COMPILER_APPICON_NAME = AppIcon;
				ASSETCATALOG_COMPILER_GLOBAL_ACCENT_COLOR_NAME = AccentColor;
				CODE_SIGN_STYLE = Automatic;
				DEVELOPMENT_TEAM = 95N3TX4KG8;
				INFOPLIST_FILE = SwiftScrollViewDemo/Info.plist;
				LD_RUNPATH_SEARCH_PATHS = (
					"$(inherited)",
					"@executable_path/Frameworks",
				);
				PRODUCT_BUNDLE_IDENTIFIER = vicentz.SwiftScrollViewDemo;
				PRODUCT_NAME = "$(TARGET_NAME)";
				SWIFT_VERSION = 5.0;
				TARGETED_DEVICE_FAMILY = "1,2";
			};
			name = Debug;
		};
		E81B358426EEC2CC00534247 /* Release */ = {
			isa = XCBuildConfiguration;
			buildSettings = {
				ASSETCATALOG_COMPILER_APPICON_NAME = AppIcon;
				ASSETCATALOG_COMPILER_GLOBAL_ACCENT_COLOR_NAME = AccentColor;
				CODE_SIGN_STYLE = Automatic;
				DEVELOPMENT_TEAM = 95N3TX4KG8;
				INFOPLIST_FILE = SwiftScrollViewDemo/Info.plist;
				LD_RUNPATH_SEARCH_PATHS = (
					"$(inherited)",
					"@executable_path/Frameworks",
				);
				PRODUCT_BUNDLE_IDENTIFIER = vicentz.SwiftScrollViewDemo;
				PRODUCT_NAME = "$(TARGET_NAME)";
				SWIFT_VERSION = 5.0;
				TARGETED_DEVICE_FAMILY = "1,2";
			};
			name = Release;
		};
		E81B358626EEC2CC00534247 /* Debug */ = {
			isa = XCBuildConfiguration;
			buildSettings = {
				ALWAYS_EMBED_SWIFT_STANDARD_LIBRARIES = YES;
				BUNDLE_LOADER = "$(TEST_HOST)";
				CODE_SIGN_STYLE = Automatic;
				DEVELOPMENT_TEAM = 95N3TX4KG8;
				INFOPLIST_FILE = SwiftScrollViewDemoTests/Info.plist;
				IPHONEOS_DEPLOYMENT_TARGET = 14.5;
				LD_RUNPATH_SEARCH_PATHS = (
					"$(inherited)",
					"@executable_path/Frameworks",
					"@loader_path/Frameworks",
				);
				PRODUCT_BUNDLE_IDENTIFIER = vicentz.SwiftScrollViewDemoTests;
				PRODUCT_NAME = "$(TARGET_NAME)";
				SWIFT_VERSION = 5.0;
				TARGETED_DEVICE_FAMILY = "1,2";
				TEST_HOST = "$(BUILT_PRODUCTS_DIR)/SwiftScrollViewDemo.app/SwiftScrollViewDemo";
			};
			name = Debug;
		};
		E81B358726EEC2CC00534247 /* Release */ = {
			isa = XCBuildConfiguration;
			buildSettings = {
				ALWAYS_EMBED_SWIFT_STANDARD_LIBRARIES = YES;
				BUNDLE_LOADER = "$(TEST_HOST)";
				CODE_SIGN_STYLE = Automatic;
				DEVELOPMENT_TEAM = 95N3TX4KG8;
				INFOPLIST_FILE = SwiftScrollViewDemoTests/Info.plist;
				IPHONEOS_DEPLOYMENT_TARGET = 14.5;
				LD_RUNPATH_SEARCH_PATHS = (
					"$(inherited)",
					"@executable_path/Frameworks",
					"@loader_path/Frameworks",
				);
				PRODUCT_BUNDLE_IDENTIFIER = vicentz.SwiftScrollViewDemoTests;
				PRODUCT_NAME = "$(TARGET_NAME)";
				SWIFT_VERSION = 5.0;
				TARGETED_DEVICE_FAMILY = "1,2";
				TEST_HOST = "$(BUILT_PRODUCTS_DIR)/SwiftScrollViewDemo.app/SwiftScrollViewDemo";
			};
			name = Release;
		};
		E81B358926EEC2CC00534247 /* Debug */ = {
			isa = XCBuildConfiguration;
			buildSettings = {
				ALWAYS_EMBED_SWIFT_STANDARD_LIBRARIES = YES;
				CODE_SIGN_STYLE = Automatic;
				DEVELOPMENT_TEAM = 95N3TX4KG8;
				INFOPLIST_FILE = SwiftScrollViewDemoUITests/Info.plist;
				LD_RUNPATH_SEARCH_PATHS = (
					"$(inherited)",
					"@executable_path/Frameworks",
					"@loader_path/Frameworks",
				);
				PRODUCT_BUNDLE_IDENTIFIER = vicentz.SwiftScrollViewDemoUITests;
				PRODUCT_NAME = "$(TARGET_NAME)";
				SWIFT_VERSION = 5.0;
				TARGETED_DEVICE_FAMILY = "1,2";
				TEST_TARGET_NAME = SwiftScrollViewDemo;
			};
			name = Debug;
		};
		E81B358A26EEC2CC00534247 /* Release */ = {
			isa = XCBuildConfiguration;
			buildSettings = {
				ALWAYS_EMBED_SWIFT_STANDARD_LIBRARIES = YES;
				CODE_SIGN_STYLE = Automatic;
				DEVELOPMENT_TEAM = 95N3TX4KG8;
				INFOPLIST_FILE = SwiftScrollViewDemoUITests/Info.plist;
				LD_RUNPATH_SEARCH_PATHS = (
					"$(inherited)",
					"@executable_path/Frameworks",
					"@loader_path/Frameworks",
				);
				PRODUCT_BUNDLE_IDENTIFIER = vicentz.SwiftScrollViewDemoUITests;
				PRODUCT_NAME = "$(TARGET_NAME)";
				SWIFT_VERSION = 5.0;
				TARGETED_DEVICE_FAMILY = "1,2";
				TEST_TARGET_NAME = SwiftScrollViewDemo;
			};
			name = Release;
		};
/* End XCBuildConfiguration section */

/* Begin XCConfigurationList section */
		E81B355326EEC2CA00534247 /* Build configuration list for PBXProject "SwiftScrollViewDemo" */ = {
			isa = XCConfigurationList;
			buildConfigurations = (
				E81B358026EEC2CC00534247 /* Debug */,
				E81B358126EEC2CC00534247 /* Release */,
			);
			defaultConfigurationIsVisible = 0;
			defaultConfigurationName = Release;
		};
		E81B358226EEC2CC00534247 /* Build configuration list for PBXNativeTarget "SwiftScrollViewDemo" */ = {
			isa = XCConfigurationList;
			buildConfigurations = (
				E81B358326EEC2CC00534247 /* Debug */,
				E81B358426EEC2CC00534247 /* Release */,
			);
			defaultConfigurationIsVisible = 0;
			defaultConfigurationName = Release;
		};
		E81B358526EEC2CC00534247 /* Build configuration list for PBXNativeTarget "SwiftScrollViewDemoTests" */ = {
			isa = XCConfigurationList;
			buildConfigurations = (
				E81B358626EEC2CC00534247 /* Debug */,
				E81B358726EEC2CC00534247 /* Release */,
			);
			defaultConfigurationIsVisible = 0;
			defaultConfigurationName = Release;
		};
		E81B358826EEC2CC00534247 /* Build configuration list for PBXNativeTarget "SwiftScrollViewDemoUITests" */ = {
			isa = XCConfigurationList;
			buildConfigurations = (
				E81B358926EEC2CC00534247 /* Debug */,
				E81B358A26EEC2CC00534247 /* Release */,
			);
			defaultConfigurationIsVisible = 0;
			defaultConfigurationName = Release;
		};
/* End XCConfigurationList section */
	};
	rootObject = E81B355026EEC2CA00534247 /* Project object */;
}
